
Microsoft Visual Studio Solution File, Format Version 12.00
# Visual Studio Version 17
VisualStudioVersion = 17.5.33516.290
MinimumVisualStudioVersion = 10.0.40219.1
Project("{FAE04EC0-301F-11D3-BF4B-00C04F79EFBC}") = "DentalFinal", "DentalFinal\DentalFinal.csproj", "{F6034C01-A35A-41B5-8213-1E324E2F7BB4}"
EndProject
Global
	GlobalSection(SolutionConfigurationPlatforms) = preSolution
		Debug|Any CPU = Debug|Any CPU
		Release|Any CPU = Release|Any CPU
	EndGlobalSection
	GlobalSection(ProjectConfigurationPlatforms) = postSolution
		{F6034C01-A35A-41B5-8213-1E324E2F7BB4}.Debug|Any CPU.ActiveCfg = Debug|Any CPU
		{F6034C01-A35A-41B5-8213-1E324E2F7BB4}.Debug|Any CPU.Build.0 = Debug|Any CPU
		{F6034C01-A35A-41B5-8213-1E324E2F7BB4}.Release|Any CPU.ActiveCfg = Release|Any CPU
		{F6034C01-A35A-41B5-8213-1E324E2F7BB4}.Release|Any CPU.Build.0 = Release|Any CPU
	EndGlobalSection
	GlobalSection(SolutionProperties) = preSolution
		HideSolutionNode = FALSE
	EndGlobalSection
	GlobalSection(ExtensibilityGlobals) = postSolution
		SolutionGuid = {6B489449-547C-4BD9-B8FD-B10517E9C0BA}
	EndGlobalSection
EndGlobal
